
Microsoft Visual Studio Solution File, Format Version 12.00
# Visual Studio Version 16
VisualStudioVersion = 16.0.29324.140
MinimumVisualStudioVersion = 10.0.40219.1
Project("{FAE04EC0-301F-11D3-BF4B-00C04F79EFBC}") = "SayıTahminOyunu", "SayıTahminOyunu\SayıTahminOyunu.csproj", "{8E178AAD-BD94-4B3A-8966-7916282198AE}"
EndProject
Global
	GlobalSection(SolutionConfigurationPlatforms) = preSolution
		Debug|Any CPU = Debug|Any CPU
		Release|Any CPU = Release|Any CPU
	EndGlobalSection
	GlobalSection(ProjectConfigurationPlatforms) = postSolution
		{8E178AAD-BD94-4B3A-8966-7916282198AE}.Debug|Any CPU.ActiveCfg = Debug|Any CPU
		{8E178AAD-BD94-4B3A-8966-7916282198AE}.Debug|Any CPU.Build.0 = Debug|Any CPU
		{8E178AAD-BD94-4B3A-8966-7916282198AE}.Release|Any CPU.ActiveCfg = Release|Any CPU
		{8E178AAD-BD94-4B3A-8966-7916282198AE}.Release|Any CPU.Build.0 = Release|Any CPU
	EndGlobalSection
	GlobalSection(SolutionProperties) = preSolution
		HideSolutionNode = FALSE
	EndGlobalSection
	GlobalSection(ExtensibilityGlobals) = postSolution
		SolutionGuid = {CE652D74-B1EC-4C54-BB0D-499F003355F0}
	EndGlobalSection
EndGlobal
